
Microsoft Visual Studio Solution File, Format Version 12.00
# Visual Studio Version 16
VisualStudioVersion = 16.0.30413.136
MinimumVisualStudioVersion = 10.0.40219.1
Project("{FAE04EC0-301F-11D3-BF4B-00C04F79EFBC}") = "PedidoWebApp", "PedidoWebApp\PedidoWebApp.csproj", "{72994E60-F46A-47DD-A78B-839D4CB89DA1}"
EndProject
Project("{FAE04EC0-301F-11D3-BF4B-00C04F79EFBC}") = "CatalogoWebApp", "CatalogoWebApp\CatalogoWebApp.csproj", "{21F50DD0-4EC2-4A74-B841-92AED0CDE560}"
EndProject
Project("{FAE04EC0-301F-11D3-BF4B-00C04F79EFBC}") = "ApiGateway", "ApiGateway\ApiGateway.csproj", "{0E21F508-B00F-4D65-9ABC-580878C81348}"
EndProject
Global
	GlobalSection(SolutionConfigurationPlatforms) = preSolution
		Debug|Any CPU = Debug|Any CPU
		Release|Any CPU = Release|Any CPU
	EndGlobalSection
	GlobalSection(ProjectConfigurationPlatforms) = postSolution
		{72994E60-F46A-47DD-A78B-839D4CB89DA1}.Debug|Any CPU.ActiveCfg = Debug|Any CPU
		{72994E60-F46A-47DD-A78B-839D4CB89DA1}.Debug|Any CPU.Build.0 = Debug|Any CPU
		{72994E60-F46A-47DD-A78B-839D4CB89DA1}.Release|Any CPU.ActiveCfg = Release|Any CPU
		{72994E60-F46A-47DD-A78B-839D4CB89DA1}.Release|Any CPU.Build.0 = Release|Any CPU
		{21F50DD0-4EC2-4A74-B841-92AED0CDE560}.Debug|Any CPU.ActiveCfg = Debug|Any CPU
		{21F50DD0-4EC2-4A74-B841-92AED0CDE560}.Debug|Any CPU.Build.0 = Debug|Any CPU
		{21F50DD0-4EC2-4A74-B841-92AED0CDE560}.Release|Any CPU.ActiveCfg = Release|Any CPU
		{21F50DD0-4EC2-4A74-B841-92AED0CDE560}.Release|Any CPU.Build.0 = Release|Any CPU
		{0E21F508-B00F-4D65-9ABC-580878C81348}.Debug|Any CPU.ActiveCfg = Debug|Any CPU
		{0E21F508-B00F-4D65-9ABC-580878C81348}.Debug|Any CPU.Build.0 = Debug|Any CPU
		{0E21F508-B00F-4D65-9ABC-580878C81348}.Release|Any CPU.ActiveCfg = Release|Any CPU
		{0E21F508-B00F-4D65-9ABC-580878C81348}.Release|Any CPU.Build.0 = Release|Any CPU
	EndGlobalSection
	GlobalSection(SolutionProperties) = preSolution
		HideSolutionNode = FALSE
	EndGlobalSection
	GlobalSection(ExtensibilityGlobals) = postSolution
		SolutionGuid = {AC46499F-514A-4562-842D-C0442A124966}
	EndGlobalSection
EndGlobal
